{
    "_readme": [
        "This file locks the dependencies of your project to a known state",
        "Read more about it at https://getcomposer.org/doc/01-basic-usage.md#installing-dependencies",
        "This file is @generated automatically"
    ],
    "content-hash": "b76544785bc346697f898e81bb1aef3e",
    "packages": [
        {
            "name": "jay-a-j-wilson/jwws-wp-plugin-framework",
            "version": "1.1.0",
            "source": {
                "type": "git",
                "url": "https://github.com/jay-a-j-wilson/jwws-wp-plugin-framework.git",
                "reference": "04a1a2239df9cda7d5cfa69e0386e916d544ea4c"
            },
            "dist": {
                "type": "zip",
                "url": "https://api.github.com/repos/jay-a-j-wilson/jwws-wp-plugin-framework/zipball/04a1a2239df9cda7d5cfa69e0386e916d544ea4c",
                "reference": "04a1a2239df9cda7d5cfa69e0386e916d544ea4c",
                "shasum": ""
            },
            "require": {
                "php": ">=8.0"
            },
            "type": "library",
            "autoload": {
                "files": [
                    "src/functions/alias.php",
                    "src/functions/debug.php",
                    "src/functions/wordpress.php"
                ],
                "psr-4": {
                    "JWWS\\WP_Plugin_Framework\\": "src/"
                }
            },
            "notification-url": "https://packagist.org/downloads/",
            "description": "A light-weight framework for WordPress plugins.",
            "support": {
                "issues": "https://github.com/jay-a-j-wilson/jwws-wp-plugin-framework/issues",
                "source": "https://github.com/jay-a-j-wilson/jwws-wp-plugin-framework/tree/1.1.0"
            },
            "time": "2022-11-26T10:43:49+00:00"
        }
    ],
    "packages-dev": [],
    "aliases": [],
    "minimum-stability": "stable",
    "stability-flags": [],
    "prefer-stable": false,
    "prefer-lowest": false,
    "platform": [],
    "platform-dev": [],
    "plugin-api-version": "2.3.0"
}
