{
    "_readme": [
        "This file locks the dependencies of your project to a known state",
        "Read more about it at https://getcomposer.org/doc/01-basic-usage.md#installing-dependencies",
        "This file is @generated automatically"
    ],
    "content-hash": "cb6a41903bee51808a71099e6e83b4ec",
    "packages": [
        {
            "name": "jay-a-j-wilson/jwws-wp-plugin-framework",
            "version": "1.2.3",
            "source": {
                "type": "git",
                "url": "https://github.com/jay-a-j-wilson/jwws-wp-plugin-framework.git",
                "reference": "ec25413907eb57c223d82125ab9890b2d0ad4f8a"
            },
            "dist": {
                "type": "zip",
                "url": "https://api.github.com/repos/jay-a-j-wilson/jwws-wp-plugin-framework/zipball/ec25413907eb57c223d82125ab9890b2d0ad4f8a",
                "reference": "ec25413907eb57c223d82125ab9890b2d0ad4f8a",
                "shasum": ""
            },
            "require": {
                "php": ">=8.0"
            },
            "type": "library",
            "autoload": {
                "files": [
                    "src/functions/alias.php",
                    "src/functions/debug.php",
                    "src/functions/woocommerce.php",
                    "src/functions/wordpress.php"
                ],
                "psr-4": {
                    "JWWS\\WP_Plugin_Framework\\": "src/"
                }
            },
            "notification-url": "https://packagist.org/downloads/",
            "description": "A light-weight framework for WordPress plugins.",
            "support": {
                "issues": "https://github.com/jay-a-j-wilson/jwws-wp-plugin-framework/issues",
                "source": "https://github.com/jay-a-j-wilson/jwws-wp-plugin-framework/tree/1.2.3"
            },
            "time": "2023-02-27T01:03:02+00:00"
        }
    ],
    "packages-dev": [],
    "aliases": [],
    "minimum-stability": "stable",
    "stability-flags": [],
    "prefer-stable": false,
    "prefer-lowest": false,
    "platform": [],
    "platform-dev": [],
    "plugin-api-version": "2.3.0"
}
